
Microsoft Visual Studio Solution File, Format Version 12.00
# Visual Studio Version 17
VisualStudioVersion = 17.3.32929.385
MinimumVisualStudioVersion = 10.0.40219.1
Project("{FAE04EC0-301F-11D3-BF4B-00C04F79EFBC}") = "WpfApp1", "WpfApp1\WpfApp1.csproj", "{DF179392-DD06-443E-9A90-15D8B4EFAF09}"
EndProject
Global
	GlobalSection(SolutionConfigurationPlatforms) = preSolution
		Debug|Any CPU = Debug|Any CPU
		Release|Any CPU = Release|Any CPU
	EndGlobalSection
	GlobalSection(ProjectConfigurationPlatforms) = postSolution
		{DF179392-DD06-443E-9A90-15D8B4EFAF09}.Debug|Any CPU.ActiveCfg = Debug|Any CPU
		{DF179392-DD06-443E-9A90-15D8B4EFAF09}.Debug|Any CPU.Build.0 = Debug|Any CPU
		{DF179392-DD06-443E-9A90-15D8B4EFAF09}.Release|Any CPU.ActiveCfg = Release|Any CPU
		{DF179392-DD06-443E-9A90-15D8B4EFAF09}.Release|Any CPU.Build.0 = Release|Any CPU
	EndGlobalSection
	GlobalSection(SolutionProperties) = preSolution
		HideSolutionNode = FALSE
	EndGlobalSection
	GlobalSection(ExtensibilityGlobals) = postSolution
		SolutionGuid = {A0F3F6BD-B7FC-4DB3-8639-FFBB2B22B0AB}
	EndGlobalSection
EndGlobal
